# This file was autogenerated by Stack.
# You should not edit this file by hand.
# For more information, please see the documentation at:
#   https://docs.haskellstack.org/en/stable/lock_files

packages:
- completed:
    hackage: datasets-0.4.0@sha256:9bfd5b54c6c5e1e72384a890cf29bf85a02007e0a31c98753f7d225be3c7fa6a,4929
    pantry-tree:
      size: 2901
      sha256: 19c2cb354a1f849ac4dbc9d104a17ee675ee03bc689ea1abdb66171a4b8e994f
  original:
    hackage: datasets-0.4.0@sha256:9bfd5b54c6c5e1e72384a890cf29bf85a02007e0a31c98753f7d225be3c7fa6a,4929
- completed:
    hackage: streaming-attoparsec-1.0.0.1@sha256:fe9b878072423d3f075534fe8af24722d9ded1a1129e9a6ed5b71c4a29681b39,1146
    pantry-tree:
      size: 350
      sha256: f54f65bf072698ec2ef514376a4be76383d90faa428ac6fb57c5de10efa45b7e
  original:
    hackage: streaming-attoparsec-1.0.0.1@sha256:fe9b878072423d3f075534fe8af24722d9ded1a1129e9a6ed5b71c4a29681b39,1146
- completed:
    hackage: streaming-cassava-0.1.0.1@sha256:2d1dfeb09af62009e88311fe92f44d06dafb5cdd38879b437ea6adb3bc40acfe,1739
    pantry-tree:
      size: 386
      sha256: f6146cd660354052a07bd947fc4ced806d5ebaa38ea80d632b98eec41b325d54
  original:
    hackage: streaming-cassava-0.1.0.1@sha256:2d1dfeb09af62009e88311fe92f44d06dafb5cdd38879b437ea6adb3bc40acfe,1739
snapshots:
- completed:
    size: 531707
    url: https://raw.githubusercontent.com/commercialhaskell/stackage-snapshots/master/lts/16/5.yaml
    sha256: 9751e25e0af5713a53ddcfcc79564b082c71b1b357fadef0d85672a5b5ba3703
  original: lts-16.5
